
Microsoft Visual Studio Solution File, Format Version 12.00
# Visual Studio Version 17
VisualStudioVersion = 17.14.36429.23 d17.14
MinimumVisualStudioVersion = 10.0.40219.1
Project("{FAE04EC0-301F-11D3-BF4B-00C04F79EFBC}") = "ScoutTroopBot", "ScoutTroopBot\ScoutTroopBot.csproj", "{4CCCEDFD-BB47-0947-B4E7-D5DF25425503}"
EndProject
Global
	GlobalSection(SolutionConfigurationPlatforms) = preSolution
		Debug|Any CPU = Debug|Any CPU
		Release|Any CPU = Release|Any CPU
	EndGlobalSection
	GlobalSection(ProjectConfigurationPlatforms) = postSolution
		{4CCCEDFD-BB47-0947-B4E7-D5DF25425503}.Debug|Any CPU.ActiveCfg = Debug|Any CPU
		{4CCCEDFD-BB47-0947-B4E7-D5DF25425503}.Debug|Any CPU.Build.0 = Debug|Any CPU
		{4CCCEDFD-BB47-0947-B4E7-D5DF25425503}.Release|Any CPU.ActiveCfg = Release|Any CPU
		{4CCCEDFD-BB47-0947-B4E7-D5DF25425503}.Release|Any CPU.Build.0 = Release|Any CPU
	EndGlobalSection
	GlobalSection(SolutionProperties) = preSolution
		HideSolutionNode = FALSE
	EndGlobalSection
	GlobalSection(ExtensibilityGlobals) = postSolution
		SolutionGuid = {E53A6286-4FEC-44EA-8D3B-9B8A7EC24B1B}
	EndGlobalSection
EndGlobal
